
Microsoft Visual Studio Solution File, Format Version 12.00
# Visual Studio Version 17
VisualStudioVersion = 17.11.35219.272
MinimumVisualStudioVersion = 10.0.40219.1
Project("{FAE04EC0-301F-11D3-BF4B-00C04F79EFBC}") = "CalendarLP3.try2", "CalendarLP3.try2.csproj", "{02EB44F7-9B7E-4ED5-A478-8250E7205466}"
EndProject
Global
	GlobalSection(SolutionConfigurationPlatforms) = preSolution
		Debug|Any CPU = Debug|Any CPU
		Release|Any CPU = Release|Any CPU
	EndGlobalSection
	GlobalSection(ProjectConfigurationPlatforms) = postSolution
		{02EB44F7-9B7E-4ED5-A478-8250E7205466}.Debug|Any CPU.ActiveCfg = Debug|Any CPU
		{02EB44F7-9B7E-4ED5-A478-8250E7205466}.Debug|Any CPU.Build.0 = Debug|Any CPU
		{02EB44F7-9B7E-4ED5-A478-8250E7205466}.Release|Any CPU.ActiveCfg = Release|Any CPU
		{02EB44F7-9B7E-4ED5-A478-8250E7205466}.Release|Any CPU.Build.0 = Release|Any CPU
	EndGlobalSection
	GlobalSection(SolutionProperties) = preSolution
		HideSolutionNode = FALSE
	EndGlobalSection
	GlobalSection(ExtensibilityGlobals) = postSolution
		SolutionGuid = {8A2455B1-5599-440C-BE31-3CBD058F0A0F}
	EndGlobalSection
EndGlobal
