
Microsoft Visual Studio Solution File, Format Version 12.00
# Visual Studio Version 17
VisualStudioVersion = 17.11.35219.272
MinimumVisualStudioVersion = 10.0.40219.1
Project("{FAE04EC0-301F-11D3-BF4B-00C04F79EFBC}") = "Kalender.besser", "Kalender.besser.csproj", "{30E31F9E-2A5C-41AF-B69A-82D5E5D63866}"
EndProject
Global
	GlobalSection(SolutionConfigurationPlatforms) = preSolution
		Debug|Any CPU = Debug|Any CPU
		Release|Any CPU = Release|Any CPU
	EndGlobalSection
	GlobalSection(ProjectConfigurationPlatforms) = postSolution
		{30E31F9E-2A5C-41AF-B69A-82D5E5D63866}.Debug|Any CPU.ActiveCfg = Debug|Any CPU
		{30E31F9E-2A5C-41AF-B69A-82D5E5D63866}.Debug|Any CPU.Build.0 = Debug|Any CPU
		{30E31F9E-2A5C-41AF-B69A-82D5E5D63866}.Release|Any CPU.ActiveCfg = Release|Any CPU
		{30E31F9E-2A5C-41AF-B69A-82D5E5D63866}.Release|Any CPU.Build.0 = Release|Any CPU
	EndGlobalSection
	GlobalSection(SolutionProperties) = preSolution
		HideSolutionNode = FALSE
	EndGlobalSection
	GlobalSection(ExtensibilityGlobals) = postSolution
		SolutionGuid = {810B6E2F-3A13-4F57-B1AA-57DFFDB22FEC}
	EndGlobalSection
EndGlobal
