
Microsoft Visual Studio Solution File, Format Version 12.00
# Visual Studio Version 17
VisualStudioVersion = 17.11.35219.272
MinimumVisualStudioVersion = 10.0.40219.1
Project("{FAE04EC0-301F-11D3-BF4B-00C04F79EFBC}") = "LP3", "LP3.csproj", "{8D4CE7B0-71AD-4C0A-9ABE-3F1287C15C50}"
EndProject
Global
	GlobalSection(SolutionConfigurationPlatforms) = preSolution
		Debug|Any CPU = Debug|Any CPU
		Release|Any CPU = Release|Any CPU
	EndGlobalSection
	GlobalSection(ProjectConfigurationPlatforms) = postSolution
		{8D4CE7B0-71AD-4C0A-9ABE-3F1287C15C50}.Debug|Any CPU.ActiveCfg = Debug|Any CPU
		{8D4CE7B0-71AD-4C0A-9ABE-3F1287C15C50}.Debug|Any CPU.Build.0 = Debug|Any CPU
		{8D4CE7B0-71AD-4C0A-9ABE-3F1287C15C50}.Release|Any CPU.ActiveCfg = Release|Any CPU
		{8D4CE7B0-71AD-4C0A-9ABE-3F1287C15C50}.Release|Any CPU.Build.0 = Release|Any CPU
	EndGlobalSection
	GlobalSection(SolutionProperties) = preSolution
		HideSolutionNode = FALSE
	EndGlobalSection
	GlobalSection(ExtensibilityGlobals) = postSolution
		SolutionGuid = {13654DBC-DB4E-45E1-B8AA-136DD96B7A5D}
	EndGlobalSection
EndGlobal
